
Microsoft Visual Studio Solution File, Format Version 12.00
# Visual Studio Version 17
VisualStudioVersion = 17.4.33110.190
MinimumVisualStudioVersion = 10.0.40219.1
Project("{FAE04EC0-301F-11D3-BF4B-00C04F79EFBC}") = "fotoğraf yükleme", "fotoğraf yükleme\fotoğraf yükleme.csproj", "{D35042A9-A72A-49BC-A76E-DCDF93674C27}"
EndProject
Global
	GlobalSection(SolutionConfigurationPlatforms) = preSolution
		Debug|Any CPU = Debug|Any CPU
		Release|Any CPU = Release|Any CPU
	EndGlobalSection
	GlobalSection(ProjectConfigurationPlatforms) = postSolution
		{D35042A9-A72A-49BC-A76E-DCDF93674C27}.Debug|Any CPU.ActiveCfg = Debug|Any CPU
		{D35042A9-A72A-49BC-A76E-DCDF93674C27}.Debug|Any CPU.Build.0 = Debug|Any CPU
		{D35042A9-A72A-49BC-A76E-DCDF93674C27}.Release|Any CPU.ActiveCfg = Release|Any CPU
		{D35042A9-A72A-49BC-A76E-DCDF93674C27}.Release|Any CPU.Build.0 = Release|Any CPU
	EndGlobalSection
	GlobalSection(SolutionProperties) = preSolution
		HideSolutionNode = FALSE
	EndGlobalSection
	GlobalSection(ExtensibilityGlobals) = postSolution
		SolutionGuid = {0C573899-C1EC-4D93-B427-DFCFC4A43927}
	EndGlobalSection
EndGlobal
